
Microsoft Visual Studio Solution File, Format Version 12.00
# Visual Studio Version 17
VisualStudioVersion = 17.9.34616.47
MinimumVisualStudioVersion = 10.0.40219.1
Project("{FAE04EC0-301F-11D3-BF4B-00C04F79EFBC}") = "Travely.Client", "..\Travely.UI\Travely.Client.csproj", "{05398D53-30AE-4377-BC32-D56FFB233D58}"
EndProject
Project("{FAE04EC0-301F-11D3-BF4B-00C04F79EFBC}") = "Travely.Server", "..\Travely.Server\Travely.Server.csproj", "{6644AFAE-721F-4849-8931-9FB2C8616CE3}"
EndProject
Global
	GlobalSection(SolutionConfigurationPlatforms) = preSolution
		Debug|Any CPU = Debug|Any CPU
		Release|Any CPU = Release|Any CPU
	EndGlobalSection
	GlobalSection(ProjectConfigurationPlatforms) = postSolution
		{05398D53-30AE-4377-BC32-D56FFB233D58}.Debug|Any CPU.ActiveCfg = Debug|Any CPU
		{05398D53-30AE-4377-BC32-D56FFB233D58}.Debug|Any CPU.Build.0 = Debug|Any CPU
		{05398D53-30AE-4377-BC32-D56FFB233D58}.Debug|Any CPU.Deploy.0 = Debug|Any CPU
		{05398D53-30AE-4377-BC32-D56FFB233D58}.Release|Any CPU.ActiveCfg = Release|Any CPU
		{05398D53-30AE-4377-BC32-D56FFB233D58}.Release|Any CPU.Build.0 = Release|Any CPU
		{05398D53-30AE-4377-BC32-D56FFB233D58}.Release|Any CPU.Deploy.0 = Release|Any CPU
		{6644AFAE-721F-4849-8931-9FB2C8616CE3}.Debug|Any CPU.ActiveCfg = Debug|Any CPU
		{6644AFAE-721F-4849-8931-9FB2C8616CE3}.Debug|Any CPU.Build.0 = Debug|Any CPU
		{6644AFAE-721F-4849-8931-9FB2C8616CE3}.Release|Any CPU.ActiveCfg = Release|Any CPU
		{6644AFAE-721F-4849-8931-9FB2C8616CE3}.Release|Any CPU.Build.0 = Release|Any CPU
	EndGlobalSection
	GlobalSection(SolutionProperties) = preSolution
		HideSolutionNode = FALSE
	EndGlobalSection
	GlobalSection(ExtensibilityGlobals) = postSolution
		SolutionGuid = {451A7DEE-FA91-4B36-B65A-0DEB685B9011}
	EndGlobalSection
EndGlobal
